
Microsoft Visual Studio Solution File, Format Version 12.00
# Visual Studio Version 17
VisualStudioVersion = 17.4.33213.308
MinimumVisualStudioVersion = 10.0.40219.1
Project("{FAE04EC0-301F-11D3-BF4B-00C04F79EFBC}") = "RecursiveThreads", "RecursiveThreads\RecursiveThreads.csproj", "{F9E099E2-E35C-4C76-978F-9B87A1016609}"
EndProject
Global
	GlobalSection(SolutionConfigurationPlatforms) = preSolution
		Debug|Any CPU = Debug|Any CPU
		Release|Any CPU = Release|Any CPU
	EndGlobalSection
	GlobalSection(ProjectConfigurationPlatforms) = postSolution
		{F9E099E2-E35C-4C76-978F-9B87A1016609}.Debug|Any CPU.ActiveCfg = Debug|Any CPU
		{F9E099E2-E35C-4C76-978F-9B87A1016609}.Debug|Any CPU.Build.0 = Debug|Any CPU
		{F9E099E2-E35C-4C76-978F-9B87A1016609}.Release|Any CPU.ActiveCfg = Release|Any CPU
		{F9E099E2-E35C-4C76-978F-9B87A1016609}.Release|Any CPU.Build.0 = Release|Any CPU
	EndGlobalSection
	GlobalSection(SolutionProperties) = preSolution
		HideSolutionNode = FALSE
	EndGlobalSection
	GlobalSection(ExtensibilityGlobals) = postSolution
		SolutionGuid = {1C320B6A-9C2F-49E4-879D-00DC7028B936}
	EndGlobalSection
EndGlobal
